
Microsoft Visual Studio Solution File, Format Version 12.00
# Visual Studio Version 16
VisualStudioVersion = 16.0.30907.101
MinimumVisualStudioVersion = 10.0.40219.1
Project("{9A19103F-16F7-4668-BE54-9A1E7A4F7556}") = "Entities", "Entities\Entities.csproj", "{6CAA170F-2509-4CEF-BA07-6C5C009CB45C}"
EndProject
Project("{9A19103F-16F7-4668-BE54-9A1E7A4F7556}") = "DataAccess", "DataAccess\DataAccess.csproj", "{11308289-8F15-46EE-B467-BA8A38E8E1C2}"
EndProject
Project("{9A19103F-16F7-4668-BE54-9A1E7A4F7556}") = "Business", "Business\Business.csproj", "{41583465-8D70-47D2-BC2B-A45F5D8AECEC}"
EndProject
Project("{9A19103F-16F7-4668-BE54-9A1E7A4F7556}") = "ConsoleUI", "ConsoleUI\ConsoleUI.csproj", "{18AA54DE-E5B9-4A16-B37C-99A36A216318}"
EndProject
Project("{FAE04EC0-301F-11D3-BF4B-00C04F79EFBC}") = "Core", "Core\Core.csproj", "{339D6D20-A62C-412D-88A1-D60C1FA9209D}"
EndProject
Global
	GlobalSection(SolutionConfigurationPlatforms) = preSolution
		Debug|Any CPU = Debug|Any CPU
		Release|Any CPU = Release|Any CPU
	EndGlobalSection
	GlobalSection(ProjectConfigurationPlatforms) = postSolution
		{6CAA170F-2509-4CEF-BA07-6C5C009CB45C}.Debug|Any CPU.ActiveCfg = Debug|Any CPU
		{6CAA170F-2509-4CEF-BA07-6C5C009CB45C}.Debug|Any CPU.Build.0 = Debug|Any CPU
		{6CAA170F-2509-4CEF-BA07-6C5C009CB45C}.Release|Any CPU.ActiveCfg = Release|Any CPU
		{6CAA170F-2509-4CEF-BA07-6C5C009CB45C}.Release|Any CPU.Build.0 = Release|Any CPU
		{11308289-8F15-46EE-B467-BA8A38E8E1C2}.Debug|Any CPU.ActiveCfg = Debug|Any CPU
		{11308289-8F15-46EE-B467-BA8A38E8E1C2}.Debug|Any CPU.Build.0 = Debug|Any CPU
		{11308289-8F15-46EE-B467-BA8A38E8E1C2}.Release|Any CPU.ActiveCfg = Release|Any CPU
		{11308289-8F15-46EE-B467-BA8A38E8E1C2}.Release|Any CPU.Build.0 = Release|Any CPU
		{41583465-8D70-47D2-BC2B-A45F5D8AECEC}.Debug|Any CPU.ActiveCfg = Debug|Any CPU
		{41583465-8D70-47D2-BC2B-A45F5D8AECEC}.Debug|Any CPU.Build.0 = Debug|Any CPU
		{41583465-8D70-47D2-BC2B-A45F5D8AECEC}.Release|Any CPU.ActiveCfg = Release|Any CPU
		{41583465-8D70-47D2-BC2B-A45F5D8AECEC}.Release|Any CPU.Build.0 = Release|Any CPU
		{18AA54DE-E5B9-4A16-B37C-99A36A216318}.Debug|Any CPU.ActiveCfg = Debug|Any CPU
		{18AA54DE-E5B9-4A16-B37C-99A36A216318}.Debug|Any CPU.Build.0 = Debug|Any CPU
		{18AA54DE-E5B9-4A16-B37C-99A36A216318}.Release|Any CPU.ActiveCfg = Release|Any CPU
		{18AA54DE-E5B9-4A16-B37C-99A36A216318}.Release|Any CPU.Build.0 = Release|Any CPU
		{339D6D20-A62C-412D-88A1-D60C1FA9209D}.Debug|Any CPU.ActiveCfg = Debug|Any CPU
		{339D6D20-A62C-412D-88A1-D60C1FA9209D}.Debug|Any CPU.Build.0 = Debug|Any CPU
		{339D6D20-A62C-412D-88A1-D60C1FA9209D}.Release|Any CPU.ActiveCfg = Release|Any CPU
		{339D6D20-A62C-412D-88A1-D60C1FA9209D}.Release|Any CPU.Build.0 = Release|Any CPU
	EndGlobalSection
	GlobalSection(SolutionProperties) = preSolution
		HideSolutionNode = FALSE
	EndGlobalSection
	GlobalSection(ExtensibilityGlobals) = postSolution
		SolutionGuid = {6C163B1C-F5AE-4CE3-AA1E-896C69100F73}
	EndGlobalSection
EndGlobal
